<?xml version="1.0" encoding="utf-8"?>
<Project ToolsVersion="4.0" xmlns="http://schemas.microsoft.com/developer/msbuild/2003">
  <ItemGroup>
    <Filter Include="Source Files">
      <UniqueIdentifier>{4FC737F1-C7A5-4376-A066-2A32D752A2FF}</UniqueIdentifier>
      <Extensions>cpp;c;cc;cxx;c++;cppm;ixx;def;odl;idl;hpj;bat;asm;asmx</Extensions>
    </Filter>
    <Filter Include="Header Files">
      <UniqueIdentifier>{93995380-89BD-4b04-88EB-625FBE52EBFB}</UniqueIdentifier>
      <Extensions>h;hh;hpp;hxx;h++;hm;inl;inc;ipp;xsd</Extensions>
    </Filter>
    <Filter Include="Resource Files">
      <UniqueIdentifier>{67DA6AB6-F800-4c08-8B7A-83BB121AAD01}</UniqueIdentifier>
      <Extensions>rc;ico;cur;bmp;dlg;rc2;rct;bin;rgs;gif;jpg;jpeg;jpe;resx;tiff;tif;png;wav;mfcribbon-ms</Extensions>
    </Filter>
  </ItemGroup>
  <ItemGroup>
    <None Include="packages.config" />
  </ItemGroup>
  <ItemGroup>
    <ClCompile Include="main.cpp">
      <Filter>Source Files</Filter>
    </ClCompile>
    <ClCompile Include="Game\Animation.cpp">
      <Filter>Source Files</Filter>
    </ClCompile>
    <ClCompile Include="Game\Animations.cpp">
      <Filter>Source Files</Filter>
    </ClCompile>
    <ClCompile Include="Landscape\Brick.cpp">
      <Filter>Source Files</Filter>
    </ClCompile>
    <ClCompile Include="Item\Coin.cpp">
      <Filter>Source Files</Filter>
    </ClCompile>
    <ClCompile Include="GameObject\Collision.cpp">
      <Filter>Source Files</Filter>
    </ClCompile>
    <ClCompile Include="Game\debug.cpp">
      <Filter>Source Files</Filter>
    </ClCompile>
    <ClCompile Include="Game\Game.cpp">
      <Filter>Source Files</Filter>
    </ClCompile>
    <ClCompile Include="GameObject\GameObject.cpp">
      <Filter>Source Files</Filter>
    </ClCompile>
    <ClCompile Include="Enemy\Goomba.cpp">
      <Filter>Source Files</Filter>
    </ClCompile>
    <ClCompile Include="Mario.cpp">
      <Filter>Source Files</Filter>
    </ClCompile>
    <ClCompile Include="Landscape\Platform.cpp">
      <Filter>Source Files</Filter>
    </ClCompile>
    <ClCompile Include="Game\SampleKeyEventHandler.cpp">
      <Filter>Source Files</Filter>
    </ClCompile>
    <ClCompile Include="Game\Sprite.cpp">
      <Filter>Source Files</Filter>
    </ClCompile>
    <ClCompile Include="Game\Sprites.cpp">
      <Filter>Source Files</Filter>
    </ClCompile>
    <ClCompile Include="Game\Textures.cpp">
      <Filter>Source Files</Filter>
    </ClCompile>
    <ClCompile Include="Scene\PlayScene.cpp">
      <Filter>Source Files</Filter>
    </ClCompile>
    <ClCompile Include="Game\Utils.cpp">
      <Filter>Source Files</Filter>
    </ClCompile>
    <ClCompile Include="Landscape\Portal.cpp">
      <Filter>Source Files</Filter>
    </ClCompile>
    <ClCompile Include="Landscape\BrickPlatform.cpp">
      <Filter>Source Files</Filter>
    </ClCompile>
    <ClCompile Include="Landscape\Background.cpp">
      <Filter>Source Files</Filter>
    </ClCompile>
    <ClCompile Include="Landscape\Box.cpp">
      <Filter>Source Files</Filter>
    </ClCompile>
    <ClCompile Include="Enemy\Koopa.cpp">
      <Filter>Source Files</Filter>
    </ClCompile>
    <ClCompile Include="Landscape\Vertical_Pipe.cpp">
      <Filter>Source Files</Filter>
    </ClCompile>
    <ClCompile Include="Landscape\MysteryBox.cpp">
      <Filter>Source Files</Filter>
    </ClCompile>
    <ClCompile Include="Enemy\GuideObject.cpp">
      <Filter>Source Files</Filter>
    </ClCompile>
    <ClCompile Include="Enemy\Ptooie.cpp">
      <Filter>Source Files</Filter>
    </ClCompile>
    <ClCompile Include="Enemy\Fireball.cpp">
      <Filter>Source Files</Filter>
    </ClCompile>
    <ClCompile Include="Landscape\Spawner.cpp">
      <Filter>Source Files</Filter>
    </ClCompile>
    <ClCompile Include="Item\Mushroom.cpp">
      <Filter>Source Files</Filter>
    </ClCompile>
    <ClCompile Include="Landscape\Wooden.cpp">
      <Filter>Source Files</Filter>
    </ClCompile>
    <ClCompile Include="Item\Button.cpp">
      <Filter>Source Files</Filter>
    </ClCompile>
  </ItemGroup>
  <ItemGroup>
    <ClInclude Include="Game\Animation.h">
      <Filter>Header Files</Filter>
    </ClInclude>
    <ClInclude Include="Game\AnimationFrame.h">
      <Filter>Header Files</Filter>
    </ClInclude>
    <ClInclude Include="Game\Animations.h">
      <Filter>Header Files</Filter>
    </ClInclude>
    <ClInclude Include="GameObject\AssetIDs.h">
      <Filter>Header Files</Filter>
    </ClInclude>
    <ClInclude Include="Landscape\Brick.h">
      <Filter>Header Files</Filter>
    </ClInclude>
    <ClInclude Include="Item\Coin.h">
      <Filter>Header Files</Filter>
    </ClInclude>
    <ClInclude Include="GameObject\Collision.h">
      <Filter>Header Files</Filter>
    </ClInclude>
    <ClInclude Include="Game\debug.h">
      <Filter>Header Files</Filter>
    </ClInclude>
    <ClInclude Include="Game\Game.h">
      <Filter>Header Files</Filter>
    </ClInclude>
    <ClInclude Include="GameObject\GameObject.h">
      <Filter>Header Files</Filter>
    </ClInclude>
    <ClInclude Include="Enemy\Goomba.h">
      <Filter>Header Files</Filter>
    </ClInclude>
    <ClInclude Include="Game\KeyEventHandler.h">
      <Filter>Header Files</Filter>
    </ClInclude>
    <ClInclude Include="Mario.h">
      <Filter>Header Files</Filter>
    </ClInclude>
    <ClInclude Include="Landscape\Platform.h">
      <Filter>Header Files</Filter>
    </ClInclude>
    <ClInclude Include="Game\SampleKeyEventHandler.h">
      <Filter>Header Files</Filter>
    </ClInclude>
    <ClInclude Include="Game\Sprite.h">
      <Filter>Header Files</Filter>
    </ClInclude>
    <ClInclude Include="Game\Sprites.h">
      <Filter>Header Files</Filter>
    </ClInclude>
    <ClInclude Include="Game\Texture.h">
      <Filter>Header Files</Filter>
    </ClInclude>
    <ClInclude Include="Game\Textures.h">
      <Filter>Header Files</Filter>
    </ClInclude>
    <ClInclude Include="Scene\Scene.h">
      <Filter>Header Files</Filter>
    </ClInclude>
    <ClInclude Include="Scene\PlayScene.h">
      <Filter>Header Files</Filter>
    </ClInclude>
    <ClInclude Include="Game\Utils.h">
      <Filter>Header Files</Filter>
    </ClInclude>
    <ClInclude Include="Landscape\Portal.h">
      <Filter>Header Files</Filter>
    </ClInclude>
    <ClInclude Include="Landscape\BrickPlatform.h">
      <Filter>Header Files</Filter>
    </ClInclude>
    <ClInclude Include="Landscape\Background.h">
      <Filter>Header Files</Filter>
    </ClInclude>
    <ClInclude Include="Landscape\Box.h">
      <Filter>Header Files</Filter>
    </ClInclude>
    <ClInclude Include="Enemy\Koopa.h">
      <Filter>Header Files</Filter>
    </ClInclude>
    <ClInclude Include="Landscape\Vertical_Pipe.h">
      <Filter>Header Files</Filter>
    </ClInclude>
    <ClInclude Include="Landscape\MysteryBox.h">
      <Filter>Header Files</Filter>
    </ClInclude>
    <ClInclude Include="Enemy\GuideObject.h">
      <Filter>Header Files</Filter>
    </ClInclude>
    <ClInclude Include="Enemy\Ptooie.h">
      <Filter>Header Files</Filter>
    </ClInclude>
    <ClInclude Include="Enemy\Fireball.h">
      <Filter>Header Files</Filter>
    </ClInclude>
    <ClInclude Include="Item\Mushroom.h">
      <Filter>Header Files</Filter>
    </ClInclude>
    <ClInclude Include="Landscape\Spawner.h">
      <Filter>Header Files</Filter>
    </ClInclude>
    <ClInclude Include="Landscape\Wooden.h">
      <Filter>Header Files</Filter>
    </ClInclude>
    <ClInclude Include="Item\Button.h">
      <Filter>Header Files</Filter>
    </ClInclude>
  </ItemGroup>
  <ItemGroup>
    <Text Include="Scene\scene_1.txt" />
    <Text Include="Landscape\large_bush_1.txt" />
    <Text Include="Landscape\large_bush_2.txt" />
    <Text Include="Landscape\cloud_1.txt" />
    <Text Include="Landscape\cloud_2.txt" />
    <Text Include="Landscape\small_bush.txt" />
    <Text Include="Landscape\box.txt" />
    <Text Include="Landscape\black_background.txt" />
    <Text Include="Landscape\vertical_pipe.txt" />
    <Text Include="Landscape\mystery_box.txt" />
    <Text Include="Landscape\wooden.txt" />
    <Text Include="Item\button.txt" />
    <Text Include="Landscape\flower.txt" />
    <Text Include="Landscape\cloud_solid.txt" />
  </ItemGroup>
</Project>